
Microsoft Visual Studio Solution File, Format Version 12.00
# Visual Studio Version 17
VisualStudioVersion = 17.5.002.0
MinimumVisualStudioVersion = 10.0.40219.1
Project("{2150E333-8FDC-42A3-9474-1A3956D46DE8}") = "Semana1", "Semana1", "{841FFB55-C1CE-46C7-9690-1800ED7F4BE7}"
EndProject
Project("{9A19103F-16F7-4668-BE54-9A1E7A4F7556}") = "PrimeiroPrograma", "Semana1\PrimeiroPrograma\PrimeiroPrograma.csproj", "{7852F2A4-F91E-477B-9107-A0DBA1187FA4}"
EndProject
Project("{2150E333-8FDC-42A3-9474-1A3956D46DE8}") = "Semana2", "Semana2", "{E4FC02F4-3DF9-4FE0-8539-15A2E027FE14}"
EndProject
Project("{FAE04EC0-301F-11D3-BF4B-00C04F79EFBC}") = "ExemplosAula02", "Semana2\ExemplosAula02\ExemplosAula02.csproj", "{4483B9E4-E61B-4E18-ABA1-DD2BD07CDA36}"
EndProject
Project("{2150E333-8FDC-42A3-9474-1A3956D46DE8}") = "AV-T3", "AV-T3", "{D72EA9C1-277F-4B1C-B651-8974520AF372}"
EndProject
Project("{FAE04EC0-301F-11D3-BF4B-00C04F79EFBC}") = "Solucao", "AV-T3\Solucao\Solucao.csproj", "{99BF8042-0933-41B6-A948-8C0DB570D358}"
EndProject
Project("{2150E333-8FDC-42A3-9474-1A3956D46DE8}") = "AV-T4", "AV-T4", "{37246A99-7504-41FA-BAA3-FF74EC21EC03}"
EndProject
Project("{FAE04EC0-301F-11D3-BF4B-00C04F79EFBC}") = "AV-T4", "AV-T4\AV-T4\AV-T4.csproj", "{E6B37563-8F1D-4DDA-9622-8FAEA2F7B3A2}"
EndProject
Project("{2150E333-8FDC-42A3-9474-1A3956D46DE8}") = "AV-T5", "AV-T5", "{60F7D779-503F-462B-91CA-6EDBF8A94A35}"
EndProject
Project("{FAE04EC0-301F-11D3-BF4B-00C04F79EFBC}") = "Solucao", "AV-T5\Solucao\Solucao.csproj", "{6797F868-F56A-4F00-85CF-46D0C4F36983}"
EndProject
Global
	GlobalSection(SolutionConfigurationPlatforms) = preSolution
		Debug|Any CPU = Debug|Any CPU
		Release|Any CPU = Release|Any CPU
	EndGlobalSection
	GlobalSection(ProjectConfigurationPlatforms) = postSolution
		{7852F2A4-F91E-477B-9107-A0DBA1187FA4}.Debug|Any CPU.ActiveCfg = Debug|Any CPU
		{7852F2A4-F91E-477B-9107-A0DBA1187FA4}.Debug|Any CPU.Build.0 = Debug|Any CPU
		{7852F2A4-F91E-477B-9107-A0DBA1187FA4}.Release|Any CPU.ActiveCfg = Release|Any CPU
		{7852F2A4-F91E-477B-9107-A0DBA1187FA4}.Release|Any CPU.Build.0 = Release|Any CPU
		{4483B9E4-E61B-4E18-ABA1-DD2BD07CDA36}.Debug|Any CPU.ActiveCfg = Debug|Any CPU
		{4483B9E4-E61B-4E18-ABA1-DD2BD07CDA36}.Debug|Any CPU.Build.0 = Debug|Any CPU
		{4483B9E4-E61B-4E18-ABA1-DD2BD07CDA36}.Release|Any CPU.ActiveCfg = Release|Any CPU
		{4483B9E4-E61B-4E18-ABA1-DD2BD07CDA36}.Release|Any CPU.Build.0 = Release|Any CPU
		{99BF8042-0933-41B6-A948-8C0DB570D358}.Debug|Any CPU.ActiveCfg = Debug|Any CPU
		{99BF8042-0933-41B6-A948-8C0DB570D358}.Debug|Any CPU.Build.0 = Debug|Any CPU
		{99BF8042-0933-41B6-A948-8C0DB570D358}.Release|Any CPU.ActiveCfg = Release|Any CPU
		{99BF8042-0933-41B6-A948-8C0DB570D358}.Release|Any CPU.Build.0 = Release|Any CPU
		{E6B37563-8F1D-4DDA-9622-8FAEA2F7B3A2}.Debug|Any CPU.ActiveCfg = Debug|Any CPU
		{E6B37563-8F1D-4DDA-9622-8FAEA2F7B3A2}.Debug|Any CPU.Build.0 = Debug|Any CPU
		{E6B37563-8F1D-4DDA-9622-8FAEA2F7B3A2}.Release|Any CPU.ActiveCfg = Release|Any CPU
		{E6B37563-8F1D-4DDA-9622-8FAEA2F7B3A2}.Release|Any CPU.Build.0 = Release|Any CPU
		{6797F868-F56A-4F00-85CF-46D0C4F36983}.Debug|Any CPU.ActiveCfg = Debug|Any CPU
		{6797F868-F56A-4F00-85CF-46D0C4F36983}.Debug|Any CPU.Build.0 = Debug|Any CPU
		{6797F868-F56A-4F00-85CF-46D0C4F36983}.Release|Any CPU.ActiveCfg = Release|Any CPU
		{6797F868-F56A-4F00-85CF-46D0C4F36983}.Release|Any CPU.Build.0 = Release|Any CPU
	EndGlobalSection
	GlobalSection(SolutionProperties) = preSolution
		HideSolutionNode = FALSE
	EndGlobalSection
	GlobalSection(NestedProjects) = preSolution
		{7852F2A4-F91E-477B-9107-A0DBA1187FA4} = {841FFB55-C1CE-46C7-9690-1800ED7F4BE7}
		{4483B9E4-E61B-4E18-ABA1-DD2BD07CDA36} = {E4FC02F4-3DF9-4FE0-8539-15A2E027FE14}
		{99BF8042-0933-41B6-A948-8C0DB570D358} = {D72EA9C1-277F-4B1C-B651-8974520AF372}
		{E6B37563-8F1D-4DDA-9622-8FAEA2F7B3A2} = {37246A99-7504-41FA-BAA3-FF74EC21EC03}
		{6797F868-F56A-4F00-85CF-46D0C4F36983} = {60F7D779-503F-462B-91CA-6EDBF8A94A35}
	EndGlobalSection
	GlobalSection(ExtensibilityGlobals) = postSolution
		SolutionGuid = {7E838AD7-9147-4612-8DD6-E40EF5EDE0FF}
	EndGlobalSection
EndGlobal
